PODS:
  - Capacitor (3.0.0):
    - CapacitorCordova
  - CapacitorCordova (3.0.0)

DEPENDENCIES:
  - "Capacitor (from `../node_modules/@capacitor/ios`)"
  - "CapacitorCordova (from `../node_modules/@capacitor/ios`)"

EXTERNAL SOURCES:
  Capacitor:
    :path: "../node_modules/@capacitor/ios"
  CapacitorCordova:
    :path: "../node_modules/@capacitor/ios"

SPEC CHECKSUMS:
  Capacitor: 06cd8cd01340f5b162e9528bf5569d87a6f29009
  CapacitorCordova: 183c8d1af3851da6d7a371f273462c8e64e15464

PODFILE CHECKSUM: b7b76f9a39066f9f3276fd95a6e5ca9625f20b3f

COCOAPODS: 1.11.2
