PODS:
  - Capacitor (3.0.0-alpha.11):
    - CapacitorCordova
  - CapacitorCordova (3.0.0-alpha.11)

DEPENDENCIES:
  - "Capacitor (from `../node_modules/@capacitor/ios`)"
  - "CapacitorCordova (from `../node_modules/@capacitor/ios`)"

EXTERNAL SOURCES:
  Capacitor:
    :path: "../node_modules/@capacitor/ios"
  CapacitorCordova:
    :path: "../node_modules/@capacitor/ios"

SPEC CHECKSUMS:
  Capacitor: 4c6d011175f6ca4a940288cf8dc3157fa58c794e
  CapacitorCordova: 2a326748902004232e7524d2b123a924a4049b20

PODFILE CHECKSUM: b7b76f9a39066f9f3276fd95a6e5ca9625f20b3f

COCOAPODS: 1.9.3
